
Microsoft Visual Studio Solution File, Format Version 12.00
# Visual Studio Version 16
VisualStudioVersion = 16.0.31410.357
MinimumVisualStudioVersion = 10.0.40219.1
Project("{FAE04EC0-301F-11D3-BF4B-00C04F79EFBC}") = "EcommerceApp.Android", "EcommerceApp\EcommerceApp.Android\EcommerceApp.Android.csproj", "{1307BB3C-7976-4AF2-A233-EF1A757B0D9C}"
EndProject
Project("{FAE04EC0-301F-11D3-BF4B-00C04F79EFBC}") = "EcommerceApp", "EcommerceApp\EcommerceApp\EcommerceApp.csproj", "{69C7EA52-7D21-4F3F-AF9E-04E7D9C075F8}"
EndProject
Global
	GlobalSection(SolutionConfigurationPlatforms) = preSolution
		Debug|Any CPU = Debug|Any CPU
		Release|Any CPU = Release|Any CPU
	EndGlobalSection
	GlobalSection(ProjectConfigurationPlatforms) = postSolution
		{1307BB3C-7976-4AF2-A233-EF1A757B0D9C}.Debug|Any CPU.ActiveCfg = Debug|Any CPU
		{1307BB3C-7976-4AF2-A233-EF1A757B0D9C}.Debug|Any CPU.Build.0 = Debug|Any CPU
		{1307BB3C-7976-4AF2-A233-EF1A757B0D9C}.Debug|Any CPU.Deploy.0 = Debug|Any CPU
		{1307BB3C-7976-4AF2-A233-EF1A757B0D9C}.Release|Any CPU.ActiveCfg = Release|Any CPU
		{1307BB3C-7976-4AF2-A233-EF1A757B0D9C}.Release|Any CPU.Build.0 = Release|Any CPU
		{1307BB3C-7976-4AF2-A233-EF1A757B0D9C}.Release|Any CPU.Deploy.0 = Release|Any CPU
		{69C7EA52-7D21-4F3F-AF9E-04E7D9C075F8}.Debug|Any CPU.ActiveCfg = Debug|Any CPU
		{69C7EA52-7D21-4F3F-AF9E-04E7D9C075F8}.Debug|Any CPU.Build.0 = Debug|Any CPU
		{69C7EA52-7D21-4F3F-AF9E-04E7D9C075F8}.Debug|Any CPU.Deploy.0 = Debug|Any CPU
		{69C7EA52-7D21-4F3F-AF9E-04E7D9C075F8}.Release|Any CPU.ActiveCfg = Release|Any CPU
		{69C7EA52-7D21-4F3F-AF9E-04E7D9C075F8}.Release|Any CPU.Build.0 = Release|Any CPU
		{69C7EA52-7D21-4F3F-AF9E-04E7D9C075F8}.Release|Any CPU.Deploy.0 = Release|Any CPU
	EndGlobalSection
	GlobalSection(SolutionProperties) = preSolution
		HideSolutionNode = FALSE
	EndGlobalSection
	GlobalSection(ExtensibilityGlobals) = postSolution
		SolutionGuid = {D8EE4A0A-A572-4DEC-AE12-3111F2FCE112}
	EndGlobalSection
EndGlobal
